{
  "version": 4,
  "terraform_version": "0.12.0",
  "serial": 56,
  "lineage": "11b03688-2f99-ab25-9912-2e3b3a8cbcfc",
  "outputs": {},
  "resources": [
    {
      "mode": "managed",
      "type": "aws_ebs_volume",
      "name": "ebs_disk",
      "each": "list",
      "provider": "provider.aws",
      "instances": [
        {
          "index_key": 0,
          "schema_version": 0,
          "attributes": {
            "arn": "arn:aws:ec2:ap-southeast-2:744009466128:volume/vol-01fea75df6be2e84c",
            "availability_zone": "ap-southeast-2a",
            "encrypted": true,
            "id": "vol-01fea75df6be2e84c",
            "iops": 150,
            "kms_key_id": "arn:aws:kms:ap-southeast-2:744009466128:key/14d71d17-e973-4e85-9124-65c81c47e641",
            "size": 50,
            "snapshot_id": "",
            "tags": {},
            "type": "gp2"
          }
        },
        {
          "index_key": 1,
          "schema_version": 0,
          "attributes": {
            "arn": "arn:aws:ec2:ap-southeast-2:744009466128:volume/vol-0c38f0b5f31972ce9",
            "availability_zone": "ap-southeast-2a",
            "encrypted": true,
            "id": "vol-0c38f0b5f31972ce9",
            "iops": 180,
            "kms_key_id": "arn:aws:kms:ap-southeast-2:744009466128:key/14d71d17-e973-4e85-9124-65c81c47e641",
            "size": 60,
            "snapshot_id": "",
            "tags": {},
            "type": "gp2"
          }
        },
        {
          "index_key": 2,
          "schema_version": 0,
          "attributes": {
            "arn": "arn:aws:ec2:ap-southeast-2:744009466128:volume/vol-0ec95dd80ffecca52",
            "availability_zone": "ap-southeast-2a",
            "encrypted": true,
            "id": "vol-0ec95dd80ffecca52",
            "iops": 210,
            "kms_key_id": "arn:aws:kms:ap-southeast-2:744009466128:key/14d71d17-e973-4e85-9124-65c81c47e641",
            "size": 70,
            "snapshot_id": "",
            "tags": {},
            "type": "gp2"
          }
        }
      ]
    },
    {
      "mode": "managed",
      "type": "aws_instance",
      "name": "vm",
      "each": "list",
      "provider": "provider.aws",
      "instances": [
        {
          "index_key": 0,
          "schema_version": 1,
          "attributes": {
            "ami": "ami-0fb7513bcdc525c3b",
            "arn": "arn:aws:ec2:ap-southeast-2:744009466128:instance/i-00e108a6b2a1f7c3d",
            "associate_public_ip_address": true,
            "availability_zone": "ap-southeast-2a",
            "cpu_core_count": 1,
            "cpu_threads_per_core": 1,
            "credit_specification": [
              {
                "cpu_credits": "standard"
              }
            ],
            "disable_api_termination": false,
            "ebs_block_device": [],
            "ebs_optimized": false,
            "ephemeral_block_device": [],
            "get_password_data": false,
            "host_id": null,
            "iam_instance_profile": "",
            "id": "i-00e108a6b2a1f7c3d",
            "instance_initiated_shutdown_behavior": null,
            "instance_state": "running",
            "instance_type": "t2.micro",
            "ipv6_address_count": 0,
            "ipv6_addresses": [],
            "key_name": "",
            "monitoring": false,
            "network_interface": [],
            "network_interface_id": null,
            "password_data": "",
            "placement_group": "",
            "primary_network_interface_id": "eni-0b0e5d7534eaeb0a9",
            "private_dns": "ip-172-31-8-55.ap-southeast-2.compute.internal",
            "private_ip": "172.31.8.55",
            "public_dns": "ec2-52-62-10-125.ap-southeast-2.compute.amazonaws.com",
            "public_ip": "52.62.10.125",
            "root_block_device": [
              {
                "delete_on_termination": true,
                "iops": 100,
                "volume_id": "vol-042c3a437c56741a9",
                "volume_size": 8,
                "volume_type": "gp2"
              }
            ],
            "security_groups": [
              "default"
            ],
            "source_dest_check": true,
            "subnet_id": "subnet-275cf940",
            "tags": {},
            "tenancy": "default",
            "timeouts": null,
            "user_data": null,
            "user_data_base64": null,
            "volume_tags": {},
            "vpc_security_group_ids": [
              "sg-18f38e7e"
            ]
          }
        },
        {
          "index_key": 1,
          "schema_version": 1,
          "attributes": {
            "ami": "ami-0fb7513bcdc525c3b",
            "arn": "arn:aws:ec2:ap-southeast-2:744009466128:instance/i-04f1bc0dcb87feb1c",
            "associate_public_ip_address": true,
            "availability_zone": "ap-southeast-2a",
            "cpu_core_count": 1,
            "cpu_threads_per_core": 1,
            "credit_specification": [
              {
                "cpu_credits": "standard"
              }
            ],
            "disable_api_termination": false,
            "ebs_block_device": [],
            "ebs_optimized": false,
            "ephemeral_block_device": [],
            "get_password_data": false,
            "host_id": null,
            "iam_instance_profile": "",
            "id": "i-04f1bc0dcb87feb1c",
            "instance_initiated_shutdown_behavior": null,
            "instance_state": "running",
            "instance_type": "t2.micro",
            "ipv6_address_count": 0,
            "ipv6_addresses": [],
            "key_name": "",
            "monitoring": false,
            "network_interface": [],
            "network_interface_id": null,
            "password_data": "",
            "placement_group": "",
            "primary_network_interface_id": "eni-09203e2be20d402af",
            "private_dns": "ip-172-31-3-14.ap-southeast-2.compute.internal",
            "private_ip": "172.31.3.14",
            "public_dns": "ec2-52-64-54-138.ap-southeast-2.compute.amazonaws.com",
            "public_ip": "52.64.54.138",
            "root_block_device": [
              {
                "delete_on_termination": true,
                "iops": 100,
                "volume_id": "vol-0919a76b97ee60e27",
                "volume_size": 8,
                "volume_type": "gp2"
              }
            ],
            "security_groups": [
              "default"
            ],
            "source_dest_check": true,
            "subnet_id": "subnet-275cf940",
            "tags": {},
            "tenancy": "default",
            "timeouts": null,
            "user_data": null,
            "user_data_base64": null,
            "volume_tags": {},
            "vpc_security_group_ids": [
              "sg-18f38e7e"
            ]
          }
        },
        {
          "index_key": 2,
          "schema_version": 1,
          "attributes": {
            "ami": "ami-0fb7513bcdc525c3b",
            "arn": "arn:aws:ec2:ap-southeast-2:744009466128:instance/i-0539e895d80bc5b23",
            "associate_public_ip_address": true,
            "availability_zone": "ap-southeast-2a",
            "cpu_core_count": 1,
            "cpu_threads_per_core": 1,
            "credit_specification": [
              {
                "cpu_credits": "standard"
              }
            ],
            "disable_api_termination": false,
            "ebs_block_device": [],
            "ebs_optimized": false,
            "ephemeral_block_device": [],
            "get_password_data": false,
            "host_id": null,
            "iam_instance_profile": "",
            "id": "i-0539e895d80bc5b23",
            "instance_initiated_shutdown_behavior": null,
            "instance_state": "running",
            "instance_type": "t2.micro",
            "ipv6_address_count": 0,
            "ipv6_addresses": [],
            "key_name": "",
            "monitoring": false,
            "network_interface": [],
            "network_interface_id": null,
            "password_data": "",
            "placement_group": "",
            "primary_network_interface_id": "eni-0df695af9db676dde",
            "private_dns": "ip-172-31-15-11.ap-southeast-2.compute.internal",
            "private_ip": "172.31.15.11",
            "public_dns": "ec2-13-239-134-95.ap-southeast-2.compute.amazonaws.com",
            "public_ip": "13.239.134.95",
            "root_block_device": [
              {
                "delete_on_termination": true,
                "iops": 100,
                "volume_id": "vol-09f460ba772160768",
                "volume_size": 8,
                "volume_type": "gp2"
              }
            ],
            "security_groups": [
              "default"
            ],
            "source_dest_check": true,
            "subnet_id": "subnet-275cf940",
            "tags": {},
            "tenancy": "default",
            "timeouts": null,
            "user_data": null,
            "user_data_base64": null,
            "volume_tags": {},
            "vpc_security_group_ids": [
              "sg-18f38e7e"
            ]
          }
        }
      ]
    },
    {
      "mode": "managed",
      "type": "aws_volume_attachment",
      "name": "ebs_att",
      "each": "list",
      "provider": "provider.aws",
      "instances": [
        {
          "index_key": 0,
          "schema_version": 0,
          "attributes": {
            "device_name": "/dev/sdh",
            "force_detach": null,
            "id": "vai-448169594",
            "instance_id": "i-00e108a6b2a1f7c3d",
            "skip_destroy": null,
            "volume_id": "vol-01fea75df6be2e84c"
          },
          "depends_on": [
            "aws_ebs_volume.ebs_disk",
            "aws_instance.vm"
          ]
        },
        {
          "index_key": 1,
          "schema_version": 0,
          "attributes": {
            "device_name": "/dev/sdh",
            "force_detach": null,
            "id": "vai-785238298",
            "instance_id": "i-04f1bc0dcb87feb1c",
            "skip_destroy": null,
            "volume_id": "vol-0c38f0b5f31972ce9"
          },
          "depends_on": [
            "aws_ebs_volume.ebs_disk",
            "aws_instance.vm"
          ]
        },
        {
          "index_key": 2,
          "schema_version": 0,
          "attributes": {
            "device_name": "/dev/sdh",
            "force_detach": null,
            "id": "vai-2415526106",
            "instance_id": "i-0539e895d80bc5b23",
            "skip_destroy": null,
            "volume_id": "vol-0ec95dd80ffecca52"
          },
          "depends_on": [
            "aws_ebs_volume.ebs_disk",
            "aws_instance.vm"
          ]
        }
      ]
    }
  ]
}
